
Microsoft Visual Studio Solution File, Format Version 12.00
# Visual Studio Version 16
VisualStudioVersion = 16.0.31112.23
MinimumVisualStudioVersion = 10.0.40219.1
Project("{FAE04EC0-301F-11D3-BF4B-00C04F79EFBC}") = "rememberGame", "rememberGame\rememberGame.csproj", "{34EDB14D-7913-4F72-A3FF-6D8485A7F3E3}"
EndProject
Global
	GlobalSection(SolutionConfigurationPlatforms) = preSolution
		Debug|Any CPU = Debug|Any CPU
		Release|Any CPU = Release|Any CPU
	EndGlobalSection
	GlobalSection(ProjectConfigurationPlatforms) = postSolution
		{34EDB14D-7913-4F72-A3FF-6D8485A7F3E3}.Debug|Any CPU.ActiveCfg = Debug|Any CPU
		{34EDB14D-7913-4F72-A3FF-6D8485A7F3E3}.Debug|Any CPU.Build.0 = Debug|Any CPU
		{34EDB14D-7913-4F72-A3FF-6D8485A7F3E3}.Release|Any CPU.ActiveCfg = Release|Any CPU
		{34EDB14D-7913-4F72-A3FF-6D8485A7F3E3}.Release|Any CPU.Build.0 = Release|Any CPU
	EndGlobalSection
	GlobalSection(SolutionProperties) = preSolution
		HideSolutionNode = FALSE
	EndGlobalSection
	GlobalSection(ExtensibilityGlobals) = postSolution
		SolutionGuid = {23BCA717-5FF0-412C-A86A-DE130760BF26}
	EndGlobalSection
EndGlobal
